
Microsoft Visual Studio Solution File, Format Version 12.00
# Visual Studio 14
VisualStudioVersion = 14.0.25123.0
MinimumVisualStudioVersion = 10.0.40219.1
Project("{59B5307D-DD85-4014-86C5-7DFF991A5EF3}") = "Sitecore.Support.67853.162059", "Sitecore.Support.67853.162059\Sitecore.Support.67853.162059.csproj", "{FC15AA35-4A6F-47A6-AE15-F3B7C00DD544}"
EndProject
Global
	GlobalSection(SolutionConfigurationPlatforms) = preSolution
		Debug|Any CPU = Debug|Any CPU
		Release|Any CPU = Release|Any CPU
	EndGlobalSection
	GlobalSection(ProjectConfigurationPlatforms) = postSolution
		{FC15AA35-4A6F-47A6-AE15-F3B7C00DD544}.Debug|Any CPU.ActiveCfg = Debug|Any CPU
		{FC15AA35-4A6F-47A6-AE15-F3B7C00DD544}.Debug|Any CPU.Build.0 = Debug|Any CPU
		{FC15AA35-4A6F-47A6-AE15-F3B7C00DD544}.Release|Any CPU.ActiveCfg = Release|Any CPU
		{FC15AA35-4A6F-47A6-AE15-F3B7C00DD544}.Release|Any CPU.Build.0 = Release|Any CPU
	EndGlobalSection
	GlobalSection(SolutionProperties) = preSolution
		HideSolutionNode = FALSE
	EndGlobalSection
EndGlobal
